PODS:
  - ffi_rust_plugin (0.0.1):
    - FlutterMacOS
  - FlutterMacOS (1.0.0)

DEPENDENCIES:
  - ffi_rust_plugin (from `Flutter/ephemeral/.symlinks/plugins/ffi_rust_plugin/macos`)
  - FlutterMacOS (from `Flutter/ephemeral`)

EXTERNAL SOURCES:
  ffi_rust_plugin:
    :path: Flutter/ephemeral/.symlinks/plugins/ffi_rust_plugin/macos
  FlutterMacOS:
    :path: Flutter/ephemeral

SPEC CHECKSUMS:
  ffi_rust_plugin: f569dfd6e80dcd6c5835817fbd49005b22b269e0
  FlutterMacOS: 8f6f14fa908a6fb3fba0cd85dbd81ec4b251fb24

PODFILE CHECKSUM: 236401fc2c932af29a9fcf0e97baeeb2d750d367

COCOAPODS: 1.15.2
