PODS:
  - ffi_c_plugin (0.0.1):
    - FlutterMacOS
  - FlutterMacOS (1.0.0)

DEPENDENCIES:
  - ffi_c_plugin (from `Flutter/ephemeral/.symlinks/plugins/ffi_c_plugin/macos`)
  - FlutterMacOS (from `Flutter/ephemeral`)

EXTERNAL SOURCES:
  ffi_c_plugin:
    :path: Flutter/ephemeral/.symlinks/plugins/ffi_c_plugin/macos
  FlutterMacOS:
    :path: Flutter/ephemeral

SPEC CHECKSUMS:
  ffi_c_plugin: ce2b2d0c796c0f956297f55d62b99ad1b43807a2
  FlutterMacOS: 8f6f14fa908a6fb3fba0cd85dbd81ec4b251fb24

PODFILE CHECKSUM: 236401fc2c932af29a9fcf0e97baeeb2d750d367

COCOAPODS: 1.12.0
